
Microsoft Visual Studio Solution File, Format Version 12.00
# Visual Studio 15
VisualStudioVersion = 15.0.28010.2041
MinimumVisualStudioVersion = 10.0.40219.1
Project("{FAE04EC0-301F-11D3-BF4B-00C04F79EFBC}") = "StarrySky.DZH.Util", "StarrySky.DZH.Util\StarrySky.DZH.Util.csproj", "{02491BEE-5C11-43D7-9728-3D71A2E1ED94}"
EndProject
Project("{FAE04EC0-301F-11D3-BF4B-00C04F79EFBC}") = "StarrySky.DZH.ORMTool", "StarrySky.DZH.ORMTool\StarrySky.DZH.ORMTool.csproj", "{06995876-44F1-45BE-B94B-4B4C07395D49}"
EndProject
Project("{FAE04EC0-301F-11D3-BF4B-00C04F79EFBC}") = "StarrySky.DZH.Test", "StarrySky.DZH.Test\StarrySky.DZH.Test.csproj", "{BEAF38DF-F998-40F0-9F59-2EEEDACEBCFB}"
EndProject
Project("{FAE04EC0-301F-11D3-BF4B-00C04F79EFBC}") = "StarrySky.DZH.WebDemo", "StarrySky.DZH.WebDemo\StarrySky.DZH.WebDemo.csproj", "{7FE3D09A-42A5-4BFC-B185-C9299A384708}"
EndProject
Project("{FAE04EC0-301F-11D3-BF4B-00C04F79EFBC}") = "GenerateToolApp", "GenerateToolApp\GenerateToolApp.csproj", "{84610E51-7F2C-454A-BC10-777871798F13}"
EndProject
Global
	GlobalSection(SolutionConfigurationPlatforms) = preSolution
		Debug|Any CPU = Debug|Any CPU
		Release|Any CPU = Release|Any CPU
	EndGlobalSection
	GlobalSection(ProjectConfigurationPlatforms) = postSolution
		{02491BEE-5C11-43D7-9728-3D71A2E1ED94}.Debug|Any CPU.ActiveCfg = Debug|Any CPU
		{02491BEE-5C11-43D7-9728-3D71A2E1ED94}.Debug|Any CPU.Build.0 = Debug|Any CPU
		{02491BEE-5C11-43D7-9728-3D71A2E1ED94}.Release|Any CPU.ActiveCfg = Release|Any CPU
		{02491BEE-5C11-43D7-9728-3D71A2E1ED94}.Release|Any CPU.Build.0 = Release|Any CPU
		{06995876-44F1-45BE-B94B-4B4C07395D49}.Debug|Any CPU.ActiveCfg = Debug|Any CPU
		{06995876-44F1-45BE-B94B-4B4C07395D49}.Debug|Any CPU.Build.0 = Debug|Any CPU
		{06995876-44F1-45BE-B94B-4B4C07395D49}.Release|Any CPU.ActiveCfg = Release|Any CPU
		{06995876-44F1-45BE-B94B-4B4C07395D49}.Release|Any CPU.Build.0 = Release|Any CPU
		{BEAF38DF-F998-40F0-9F59-2EEEDACEBCFB}.Debug|Any CPU.ActiveCfg = Debug|Any CPU
		{BEAF38DF-F998-40F0-9F59-2EEEDACEBCFB}.Debug|Any CPU.Build.0 = Debug|Any CPU
		{BEAF38DF-F998-40F0-9F59-2EEEDACEBCFB}.Release|Any CPU.ActiveCfg = Release|Any CPU
		{BEAF38DF-F998-40F0-9F59-2EEEDACEBCFB}.Release|Any CPU.Build.0 = Release|Any CPU
		{7FE3D09A-42A5-4BFC-B185-C9299A384708}.Debug|Any CPU.ActiveCfg = Debug|Any CPU
		{7FE3D09A-42A5-4BFC-B185-C9299A384708}.Debug|Any CPU.Build.0 = Debug|Any CPU
		{7FE3D09A-42A5-4BFC-B185-C9299A384708}.Release|Any CPU.ActiveCfg = Release|Any CPU
		{7FE3D09A-42A5-4BFC-B185-C9299A384708}.Release|Any CPU.Build.0 = Release|Any CPU
		{84610E51-7F2C-454A-BC10-777871798F13}.Debug|Any CPU.ActiveCfg = Debug|Any CPU
		{84610E51-7F2C-454A-BC10-777871798F13}.Debug|Any CPU.Build.0 = Debug|Any CPU
		{84610E51-7F2C-454A-BC10-777871798F13}.Release|Any CPU.ActiveCfg = Release|Any CPU
		{84610E51-7F2C-454A-BC10-777871798F13}.Release|Any CPU.Build.0 = Release|Any CPU
	EndGlobalSection
	GlobalSection(SolutionProperties) = preSolution
		HideSolutionNode = FALSE
	EndGlobalSection
	GlobalSection(ExtensibilityGlobals) = postSolution
		SolutionGuid = {189EE49F-A6BA-4891-8247-F00BFFE0FDE0}
	EndGlobalSection
EndGlobal
